
Microsoft Visual Studio Solution File, Format Version 12.00
# Visual Studio 15
VisualStudioVersion = 15.0.28307.1062
MinimumVisualStudioVersion = 10.0.40219.1
Project("{FAE04EC0-301F-11D3-BF4B-00C04F79EFBC}") = "DAN_XLIII_Kristina_Garcia_Francisco", "DAN_XLIII_Kristina_Garcia_Francisco\DAN_XLIII_Kristina_Garcia_Francisco.csproj", "{C26683B2-3C98-4442-99A9-7CFFC9F37D5D}"
EndProject
Global
	GlobalSection(SolutionConfigurationPlatforms) = preSolution
		Debug|Any CPU = Debug|Any CPU
		Release|Any CPU = Release|Any CPU
	EndGlobalSection
	GlobalSection(ProjectConfigurationPlatforms) = postSolution
		{C26683B2-3C98-4442-99A9-7CFFC9F37D5D}.Debug|Any CPU.ActiveCfg = Debug|Any CPU
		{C26683B2-3C98-4442-99A9-7CFFC9F37D5D}.Debug|Any CPU.Build.0 = Debug|Any CPU
		{C26683B2-3C98-4442-99A9-7CFFC9F37D5D}.Release|Any CPU.ActiveCfg = Release|Any CPU
		{C26683B2-3C98-4442-99A9-7CFFC9F37D5D}.Release|Any CPU.Build.0 = Release|Any CPU
	EndGlobalSection
	GlobalSection(SolutionProperties) = preSolution
		HideSolutionNode = FALSE
	EndGlobalSection
	GlobalSection(ExtensibilityGlobals) = postSolution
		SolutionGuid = {BE90DD17-1305-4FAA-88E7-242B3F4B7064}
	EndGlobalSection
EndGlobal
